
Microsoft Visual Studio Solution File, Format Version 12.00
# Visual Studio Version 16
VisualStudioVersion = 16.0.32413.511
MinimumVisualStudioVersion = 10.0.40219.1
Project("{FAE04EC0-301F-11D3-BF4B-00C04F79EFBC}") = "trivago", "trivago.csproj", "{13A828EE-C0FC-448E-BAA3-66274D350D85}"
EndProject
Global
	GlobalSection(SolutionConfigurationPlatforms) = preSolution
		Debug|Any CPU = Debug|Any CPU
		Release|Any CPU = Release|Any CPU
	EndGlobalSection
	GlobalSection(ProjectConfigurationPlatforms) = postSolution
		{13A828EE-C0FC-448E-BAA3-66274D350D85}.Debug|Any CPU.ActiveCfg = Debug|Any CPU
		{13A828EE-C0FC-448E-BAA3-66274D350D85}.Debug|Any CPU.Build.0 = Debug|Any CPU
		{13A828EE-C0FC-448E-BAA3-66274D350D85}.Release|Any CPU.ActiveCfg = Release|Any CPU
		{13A828EE-C0FC-448E-BAA3-66274D350D85}.Release|Any CPU.Build.0 = Release|Any CPU
	EndGlobalSection
	GlobalSection(SolutionProperties) = preSolution
		HideSolutionNode = FALSE
	EndGlobalSection
	GlobalSection(ExtensibilityGlobals) = postSolution
		SolutionGuid = {F2687008-D413-4159-9AC8-401734F9C21E}
	EndGlobalSection
EndGlobal
